version: 2.0
shards:
  ameba:
    git: https://github.com/crystal-ameba/ameba.git
    version: 0.12.1

  commander:
    git: https://github.com/mrrooijen/commander.git
    version: 0.3.5

  crest:
    git: https://github.com/mamantoha/crest.git
    version: 0.26.1

  http-client-digest_auth:
    git: https://github.com/mamantoha/http-client-digest_auth.git
    version: 0.4.0

  http_proxy:
    git: https://github.com/mamantoha/http_proxy.git
    version: 0.7.1

  icr:
    git: https://github.com/crystal-community/icr.git
    version: 0.7.0+git.commit.7da354f5c0a356aee77e68fc63c87e2ad35da7fb

  readline:
    git: https://github.com/crystal-lang/crystal-readline.git
    version: 0.1.0+git.commit.0fb7d186da8e1b157998d98d1c96e99699b791eb

